gitlab.com/test-renovate-group/test-renovate-subgroup/module-test v0.0.0-20240627065159-273583d60c90 h1:x9HeBI3V7GBPQw1PZodIx7+LY4oK8fEkQ6JdUlHIcF8=
gitlab.com/test-renovate-group/test-renovate-subgroup/module-test v0.0.0-20240627065159-273583d60c90/go.mod h1:Qif7QhWOfqYTv7zZ4o+UQG/adWrXON2AEW7IVguMhpc=
gitlab.com/test-renovate-group/test-renovate-subgroup/module-test/api v0.0.0-20240627065159-273583d60c90 h1:iqweFSqdxzmNZlc5yq8NHH+DV6M5wwZZIRdrEEJk2hA=
gitlab.com/test-renovate-group/test-renovate-subgroup/module-test/api v0.0.0-20240627065159-273583d60c90/go.mod h1:S878NkupUgRU9MFSFuLu8VdE51MS5ACQqX9+gYy0C1k=
